// !$*UTF8*$!
{
	archiveVersion = 1;
	classes = {
	};
	objectVersion = 56;
	objects = {

/* Begin PBXBuildFile section */
		510718A52B15BEBC008DFF05 /* SpoqaHanSansNeo-Bold.otf in Resources */ = {isa = PBXBuildFile; fileRef = 510718A42B15BEBC008DFF05 /* SpoqaHanSansNeo-Bold.otf */; };
		510718A72B15BEC5008DFF05 /* SpoqaHanSansNeo-Regular.otf in Resources */ = {isa = PBXBuildFile; fileRef = 510718A62B15BEC5008DFF05 /* SpoqaHanSansNeo-Regular.otf */; };
		515EFC8F2AFCA0D100230647 /* MadiiApp.swift in Sources */ = {isa = PBXBuildFile; fileRef = 515EFC8E2AFCA0D100230647 /* MadiiApp.swift */; };
		515EFC912AFCA0D100230647 /* ContentView.swift in Sources */ = {isa = PBXBuildFile; fileRef = 515EFC902AFCA0D100230647 /* ContentView.swift */; };
		515EFC932AFCA0D200230647 /* Assets.xcassets in Resources */ = {isa = PBXBuildFile; fileRef = 515EFC922AFCA0D200230647 /* Assets.xcassets */; };
		515EFC962AFCA0D200230647 /* Preview Assets.xcassets in Resources */ = {isa = PBXBuildFile; fileRef = 515EFC952AFCA0D200230647 /* Preview Assets.xcassets */; };
		515EFC9D2AFCA0E500230647 /* .gitignore in Resources */ = {isa = PBXBuildFile; fileRef = 515EFC9C2AFCA0E500230647 /* .gitignore */; };
		51D690DE2B15B9B700F8D705 /* FontExtension.swift in Sources */ = {isa = PBXBuildFile; fileRef = 51D690DD2B15B9B700F8D705 /* FontExtension.swift */; };
		51D690E12B15BB9800F8D705 /* MadiiFontModifier.swift in Sources */ = {isa = PBXBuildFile; fileRef = 51D690E02B15BB9800F8D705 /* MadiiFontModifier.swift */; };
		51D6C7C22AFCA38500A69B0C /* .swiftlint.yml in Resources */ = {isa = PBXBuildFile; fileRef = 51D6C7C12AFCA38500A69B0C /* .swiftlint.yml */; };
/* End PBXBuildFile section */

/* Begin PBXFileReference section */
		510718A42B15BEBC008DFF05 /* SpoqaHanSansNeo-Bold.otf */ = {isa = PBXFileReference; lastKnownFileType = file; path = "SpoqaHanSansNeo-Bold.otf"; sourceTree = "<group>"; };
		510718A62B15BEC5008DFF05 /* SpoqaHanSansNeo-Regular.otf */ = {isa = PBXFileReference; lastKnownFileType = file; path = "SpoqaHanSansNeo-Regular.otf"; sourceTree = "<group>"; };
		515EFC8B2AFCA0D100230647 /* Madii.app */ = {isa = PBXFileReference; explicitFileType = wrapper.application; includeInIndex = 0; path = Madii.app; sourceTree = BUILT_PRODUCTS_DIR; };
		515EFC8E2AFCA0D100230647 /* MadiiApp.swift */ = {isa = PBXFileReference; lastKnownFileType = sourcecode.swift; path = MadiiApp.swift; sourceTree = "<group>"; };
		515EFC902AFCA0D100230647 /* ContentView.swift */ = {isa = PBXFileReference; lastKnownFileType = sourcecode.swift; path = ContentView.swift; sourceTree = "<group>"; };
		515EFC922AFCA0D200230647 /* Assets.xcassets */ = {isa = PBXFileReference; lastKnownFileType = folder.assetcatalog; path = Assets.xcassets; sourceTree = "<group>"; };
		515EFC952AFCA0D200230647 /* Preview Assets.xcassets */ = {isa = PBXFileReference; lastKnownFileType = folder.assetcatalog; path = "Preview Assets.xcassets"; sourceTree = "<group>"; };
		515EFC9C2AFCA0E500230647 /* .gitignore */ = {isa = PBXFileReference; lastKnownFileType = text; path = .gitignore; sourceTree = "<group>"; };
		51D690DD2B15B9B700F8D705 /* FontExtension.swift */ = {isa = PBXFileReference; lastKnownFileType = sourcecode.swift; path = FontExtension.swift; sourceTree = "<group>"; };
		51D690DF2B15B9EA00F8D705 /* Info.plist */ = {isa = PBXFileReference; lastKnownFileType = text.plist; path = Info.plist; sourceTree = "<group>"; };
		51D690E02B15BB9800F8D705 /* MadiiFontModifier.swift */ = {isa = PBXFileReference; lastKnownFileType = sourcecode.swift; path = MadiiFontModifier.swift; sourceTree = "<group>"; };
		51D6C7C12AFCA38500A69B0C /* .swiftlint.yml */ = {isa = PBXFileReference; lastKnownFileType = text.yaml; path = .swiftlint.yml; sourceTree = "<group>"; };
/* End PBXFileReference section */

/* Begin PBXFrameworksBuildPhase section */
		515EFC882AFCA0D100230647 /* Frameworks */ = {
			isa = PBXFrameworksBuildPhase;
			buildActionMask = 2147483647;
			files = (
			);
			runOnlyForDeploymentPostprocessing = 0;
		};
/* End PBXFrameworksBuildPhase section */

/* Begin PBXGroup section */
		515EFC822AFCA0D000230647 = {
			isa = PBXGroup;
			children = (
				515EFC8D2AFCA0D100230647 /* Madii */,
				51D6C7C12AFCA38500A69B0C /* .swiftlint.yml */,
				515EFC9C2AFCA0E500230647 /* .gitignore */,
				515EFC8C2AFCA0D100230647 /* Products */,
			);
			sourceTree = "<group>";
		};
		515EFC8C2AFCA0D100230647 /* Products */ = {
			isa = PBXGroup;
			children = (
				515EFC8B2AFCA0D100230647 /* Madii.app */,
			);
			name = Products;
			sourceTree = "<group>";
		};
		515EFC8D2AFCA0D100230647 /* Madii */ = {
			isa = PBXGroup;
			children = (
				51D690DF2B15B9EA00F8D705 /* Info.plist */,
				515EFC922AFCA0D200230647 /* Assets.xcassets */,
				515EFC8E2AFCA0D100230647 /* MadiiApp.swift */,
				515EFC902AFCA0D100230647 /* ContentView.swift */,
				51D690D92B15B94F00F8D705 /* Extension */,
				515EFC942AFCA0D200230647 /* Preview Content */,
			);
			path = Madii;
			sourceTree = "<group>";
		};
		515EFC942AFCA0D200230647 /* Preview Content */ = {
			isa = PBXGroup;
			children = (
				515EFC952AFCA0D200230647 /* Preview Assets.xcassets */,
			);
			path = "Preview Content";
			sourceTree = "<group>";
		};
		51D690D92B15B94F00F8D705 /* Extension */ = {
			isa = PBXGroup;
			children = (
				51D690DA2B15B95700F8D705 /* Font */,
			);
			path = Extension;
			sourceTree = "<group>";
		};
		51D690DA2B15B95700F8D705 /* Font */ = {
			isa = PBXGroup;
			children = (
				510718A42B15BEBC008DFF05 /* SpoqaHanSansNeo-Bold.otf */,
				510718A62B15BEC5008DFF05 /* SpoqaHanSansNeo-Regular.otf */,
				51D690DD2B15B9B700F8D705 /* FontExtension.swift */,
				51D690E02B15BB9800F8D705 /* MadiiFontModifier.swift */,
			);
			path = Font;
			sourceTree = "<group>";
		};
/* End PBXGroup section */

/* Begin PBXNativeTarget section */
		515EFC8A2AFCA0D100230647 /* Madii */ = {
			isa = PBXNativeTarget;
			buildConfigurationList = 515EFC992AFCA0D200230647 /* Build configuration list for PBXNativeTarget "Madii" */;
			buildPhases = (
				51D6C7C02AFCA2F900A69B0C /* SwiftLint Script */,
				515EFC872AFCA0D100230647 /* Sources */,
				515EFC882AFCA0D100230647 /* Frameworks */,
				515EFC892AFCA0D100230647 /* Resources */,
			);
			buildRules = (
			);
			dependencies = (
			);
			name = Madii;
			productName = Madii;
			productReference = 515EFC8B2AFCA0D100230647 /* Madii.app */;
			productType = "com.apple.product-type.application";
		};
/* End PBXNativeTarget section */

/* Begin PBXProject section */
		515EFC832AFCA0D000230647 /* Project object */ = {
			isa = PBXProject;
			attributes = {
				BuildIndependentTargetsInParallel = 1;
				LastSwiftUpdateCheck = 1500;
				LastUpgradeCheck = 1500;
				TargetAttributes = {
					515EFC8A2AFCA0D100230647 = {
						CreatedOnToolsVersion = 15.0.1;
					};
				};
			};
			buildConfigurationList = 515EFC862AFCA0D000230647 /* Build configuration list for PBXProject "Madii" */;
			compatibilityVersion = "Xcode 14.0";
			developmentRegion = en;
			hasScannedForEncodings = 0;
			knownRegions = (
				en,
				Base,
			);
			mainGroup = 515EFC822AFCA0D000230647;
			productRefGroup = 515EFC8C2AFCA0D100230647 /* Products */;
			projectDirPath = "";
			projectRoot = "";
			targets = (
				515EFC8A2AFCA0D100230647 /* Madii */,
			);
		};
/* End PBXProject section */

/* Begin PBXResourcesBuildPhase section */
		515EFC892AFCA0D100230647 /* Resources */ = {
			isa = PBXResourcesBuildPhase;
			buildActionMask = 2147483647;
			files = (
				51D6C7C22AFCA38500A69B0C /* .swiftlint.yml in Resources */,
				510718A72B15BEC5008DFF05 /* SpoqaHanSansNeo-Regular.otf in Resources */,
				510718A52B15BEBC008DFF05 /* SpoqaHanSansNeo-Bold.otf in Resources */,
				515EFC962AFCA0D200230647 /* Preview Assets.xcassets in Resources */,
				515EFC9D2AFCA0E500230647 /* .gitignore in Resources */,
				515EFC932AFCA0D200230647 /* Assets.xcassets in Resources */,
			);
			runOnlyForDeploymentPostprocessing = 0;
		};
/* End PBXResourcesBuildPhase section */

/* Begin PBXShellScriptBuildPhase section */
		51D6C7C02AFCA2F900A69B0C /* SwiftLint Script */ = {
			isa = PBXShellScriptBuildPhase;
			alwaysOutOfDate = 1;
			buildActionMask = 2147483647;
			files = (
			);
			inputFileListPaths = (
			);
			inputPaths = (
			);
			name = "SwiftLint Script";
			outputFileListPaths = (
			);
			outputPaths = (
			);
			runOnlyForDeploymentPostprocessing = 0;
			shellPath = /bin/sh;
			shellScript = "if [[ \"$(uname -m)\" == arm64 ]]; then\n    export PATH=\"/opt/homebrew/bin:$PATH\"\nfi\n\nif which swiftlint > /dev/null; then\n  swiftlint\nelse\n  echo \"warning: SwiftLint not installed, download from https://github.com/realm/SwiftLint\"\nfi\n";
		};
/* End PBXShellScriptBuildPhase section */

/* Begin PBXSourcesBuildPhase section */
		515EFC872AFCA0D100230647 /* Sources */ = {
			isa = PBXSourcesBuildPhase;
			buildActionMask = 2147483647;
			files = (
				51D690E12B15BB9800F8D705 /* MadiiFontModifier.swift in Sources */,
				51D690DE2B15B9B700F8D705 /* FontExtension.swift in Sources */,
				515EFC912AFCA0D100230647 /* ContentView.swift in Sources */,
				515EFC8F2AFCA0D100230647 /* MadiiApp.swift in Sources */,
			);
			runOnlyForDeploymentPostprocessing = 0;
		};
/* End PBXSourcesBuildPhase section */

/* Begin XCBuildConfiguration section */
		515EFC972AFCA0D200230647 /* Debug */ = {
			isa = XCBuildConfiguration;
			buildSettings = {
				ALWAYS_SEARCH_USER_PATHS = NO;
				ASSETCATALOG_COMPILER_GENERATE_SWIFT_ASSET_SYMBOL_EXTENSIONS = YES;
				CLANG_ANALYZER_NONNULL = YES;
				CLANG_ANALYZER_NUMBER_OBJECT_CONVERSION = YES_AGGRESSIVE;
				CLANG_CXX_LANGUAGE_STANDARD = "gnu++20";
				CLANG_ENABLE_MODULES = YES;
				CLANG_ENABLE_OBJC_ARC = YES;
				CLANG_ENABLE_OBJC_WEAK = YES;
				CLANG_WARN_BLOCK_CAPTURE_AUTORELEASING = YES;
				CLANG_WARN_BOOL_CONVERSION = YES;
				CLANG_WARN_COMMA = YES;
				CLANG_WARN_CONSTANT_CONVERSION = YES;
				CLANG_WARN_DEPRECATED_OBJC_IMPLEMENTATIONS = YES;
				CLANG_WARN_DIRECT_OBJC_ISA_USAGE = YES_ERROR;
				CLANG_WARN_DOCUMENTATION_COMMENTS = YES;
				CLANG_WARN_EMPTY_BODY = YES;
				CLANG_WARN_ENUM_CONVERSION = YES;
				CLANG_WARN_INFINITE_RECURSION = YES;
				CLANG_WARN_INT_CONVERSION = YES;
				CLANG_WARN_NON_LITERAL_NULL_CONVERSION = YES;
				CLANG_WARN_OBJC_IMPLICIT_RETAIN_SELF = YES;
				CLANG_WARN_OBJC_LITERAL_CONVERSION = YES;
				CLANG_WARN_OBJC_ROOT_CLASS = YES_ERROR;
				CLANG_WARN_QUOTED_INCLUDE_IN_FRAMEWORK_HEADER = YES;
				CLANG_WARN_RANGE_LOOP_ANALYSIS = YES;
				CLANG_WARN_STRICT_PROTOTYPES = YES;
				CLANG_WARN_SUSPICIOUS_MOVE = YES;
				CLANG_WARN_UNGUARDED_AVAILABILITY = YES_AGGRESSIVE;
				CLANG_WARN_UNREACHABLE_CODE = YES;
				CLANG_WARN__DUPLICATE_METHOD_MATCH = YES;
				COPY_PHASE_STRIP = NO;
				DEBUG_INFORMATION_FORMAT = dwarf;
				ENABLE_STRICT_OBJC_MSGSEND = YES;
				ENABLE_TESTABILITY = YES;
				ENABLE_USER_SCRIPT_SANDBOXING = NO;
				GCC_C_LANGUAGE_STANDARD = gnu17;
				GCC_DYNAMIC_NO_PIC = NO;
				GCC_NO_COMMON_BLOCKS = YES;
				GCC_OPTIMIZATION_LEVEL = 0;
				GCC_PREPROCESSOR_DEFINITIONS = (
					"DEBUG=1",
					"$(inherited)",
				);
				GCC_WARN_64_TO_32_BIT_CONVERSION = YES;
				GCC_WARN_ABOUT_RETURN_TYPE = YES_ERROR;
				GCC_WARN_UNDECLARED_SELECTOR = YES;
				GCC_WARN_UNINITIALIZED_AUTOS = YES_AGGRESSIVE;
				GCC_WARN_UNUSED_FUNCTION = YES;
				GCC_WARN_UNUSED_VARIABLE = YES;
				IPHONEOS_DEPLOYMENT_TARGET = 17.0;
				LOCALIZATION_PREFERS_STRING_CATALOGS = YES;
				MTL_ENABLE_DEBUG_INFO = INCLUDE_SOURCE;
				MTL_FAST_MATH = YES;
				ONLY_ACTIVE_ARCH = YES;
				SDKROOT = iphoneos;
				SWIFT_ACTIVE_COMPILATION_CONDITIONS = "DEBUG $(inherited)";
				SWIFT_OPTIMIZATION_LEVEL = "-Onone";
			};
			name = Debug;
		};
		515EFC982AFCA0D200230647 /* Release */ = {
			isa = XCBuildConfiguration;
			buildSettings = {
				ALWAYS_SEARCH_USER_PATHS = NO;
				ASSETCATALOG_COMPILER_GENERATE_SWIFT_ASSET_SYMBOL_EXTENSIONS = YES;
				CLANG_ANALYZER_NONNULL = YES;
				CLANG_ANALYZER_NUMBER_OBJECT_CONVERSION = YES_AGGRESSIVE;
				CLANG_CXX_LANGUAGE_STANDARD = "gnu++20";
				CLANG_ENABLE_MODULES = YES;
				CLANG_ENABLE_OBJC_ARC = YES;
				CLANG_ENABLE_OBJC_WEAK = YES;
				CLANG_WARN_BLOCK_CAPTURE_AUTORELEASING = YES;
				CLANG_WARN_BOOL_CONVERSION = YES;
				CLANG_WARN_COMMA = YES;
				CLANG_WARN_CONSTANT_CONVERSION = YES;
				CLANG_WARN_DEPRECATED_OBJC_IMPLEMENTATIONS = YES;
				CLANG_WARN_DIRECT_OBJC_ISA_USAGE = YES_ERROR;
				CLANG_WARN_DOCUMENTATION_COMMENTS = YES;
				CLANG_WARN_EMPTY_BODY = YES;
				CLANG_WARN_ENUM_CONVERSION = YES;
				CLANG_WARN_INFINITE_RECURSION = YES;
				CLANG_WARN_INT_CONVERSION = YES;
				CLANG_WARN_NON_LITERAL_NULL_CONVERSION = YES;
				CLANG_WARN_OBJC_IMPLICIT_RETAIN_SELF = YES;
				CLANG_WARN_OBJC_LITERAL_CONVERSION = YES;
				CLANG_WARN_OBJC_ROOT_CLASS = YES_ERROR;
				CLANG_WARN_QUOTED_INCLUDE_IN_FRAMEWORK_HEADER = YES;
				CLANG_WARN_RANGE_LOOP_ANALYSIS = YES;
				CLANG_WARN_STRICT_PROTOTYPES = YES;
				CLANG_WARN_SUSPICIOUS_MOVE = YES;
				CLANG_WARN_UNGUARDED_AVAILABILITY = YES_AGGRESSIVE;
				CLANG_WARN_UNREACHABLE_CODE = YES;
				CLANG_WARN__DUPLICATE_METHOD_MATCH = YES;
				COPY_PHASE_STRIP = NO;
				DEBUG_INFORMATION_FORMAT = "dwarf-with-dsym";
				ENABLE_NS_ASSERTIONS = NO;
				ENABLE_STRICT_OBJC_MSGSEND = YES;
				ENABLE_USER_SCRIPT_SANDBOXING = NO;
				GCC_C_LANGUAGE_STANDARD = gnu17;
				GCC_NO_COMMON_BLOCKS = YES;
				GCC_WARN_64_TO_32_BIT_CONVERSION = YES;
				GCC_WARN_ABOUT_RETURN_TYPE = YES_ERROR;
				GCC_WARN_UNDECLARED_SELECTOR = YES;
				GCC_WARN_UNINITIALIZED_AUTOS = YES_AGGRESSIVE;
				GCC_WARN_UNUSED_FUNCTION = YES;
				GCC_WARN_UNUSED_VARIABLE = YES;
				IPHONEOS_DEPLOYMENT_TARGET = 17.0;
				LOCALIZATION_PREFERS_STRING_CATALOGS = YES;
				MTL_ENABLE_DEBUG_INFO = NO;
				MTL_FAST_MATH = YES;
				SDKROOT = iphoneos;
				SWIFT_COMPILATION_MODE = wholemodule;
				VALIDATE_PRODUCT = YES;
			};
			name = Release;
		};
		515EFC9A2AFCA0D200230647 /* Debug */ = {
			isa = XCBuildConfiguration;
			buildSettings = {
				ASSETCATALOG_COMPILER_APPICON_NAME = AppIcon;
				ASSETCATALOG_COMPILER_GLOBAL_ACCENT_COLOR_NAME = AccentColor;
				CODE_SIGN_STYLE = Automatic;
				CURRENT_PROJECT_VERSION = 1;
				DEVELOPMENT_ASSET_PATHS = "\"Madii/Preview Content\"";
				DEVELOPMENT_TEAM = 99KH3TLG9V;
				ENABLE_PREVIEWS = YES;
				GENERATE_INFOPLIST_FILE = YES;
				INFOPLIST_FILE = Madii/Info.plist;
				INFOPLIST_KEY_UIApplicationSceneManifest_Generation = YES;
				INFOPLIST_KEY_UIApplicationSupportsIndirectInputEvents = YES;
				INFOPLIST_KEY_UILaunchScreen_Generation = YES;
				INFOPLIST_KEY_UIStatusBarStyle = UIStatusBarStyleDarkContent;
				INFOPLIST_KEY_UISupportedInterfaceOrientations = UIInterfaceOrientationPortrait;
				INFOPLIST_KEY_UISupportedInterfaceOrientations_iPad = "UIInterfaceOrientationLandscapeLeft UIInterfaceOrientationLandscapeRight UIInterfaceOrientationPortrait UIInterfaceOrientationPortraitUpsideDown";
				INFOPLIST_KEY_UIUserInterfaceStyle = Dark;
				IPHONEOS_DEPLOYMENT_TARGET = 16.0;
				LD_RUNPATH_SEARCH_PATHS = (
					"$(inherited)",
					"@executable_path/Frameworks",
				);
				MARKETING_VERSION = 1.0.0;
				PRODUCT_BUNDLE_IDENTIFIER = com.9uttery.Madii;
				PRODUCT_NAME = "$(TARGET_NAME)";
				SUPPORTED_PLATFORMS = "iphoneos iphonesimulator";
				SUPPORTS_MACCATALYST = NO;
				SUPPORTS_MAC_DESIGNED_FOR_IPHONE_IPAD = NO;
				SWIFT_EMIT_LOC_STRINGS = YES;
				SWIFT_VERSION = 5.0;
				TARGETED_DEVICE_FAMILY = 1;
			};
			name = Debug;
		};
		515EFC9B2AFCA0D200230647 /* Release */ = {
			isa = XCBuildConfiguration;
			buildSettings = {
				ASSETCATALOG_COMPILER_APPICON_NAME = AppIcon;
				ASSETCATALOG_COMPILER_GLOBAL_ACCENT_COLOR_NAME = AccentColor;
				CODE_SIGN_STYLE = Automatic;
				CURRENT_PROJECT_VERSION = 1;
				DEVELOPMENT_ASSET_PATHS = "\"Madii/Preview Content\"";
				DEVELOPMENT_TEAM = 99KH3TLG9V;
				ENABLE_PREVIEWS = YES;
				GENERATE_INFOPLIST_FILE = YES;
				INFOPLIST_FILE = Madii/Info.plist;
				INFOPLIST_KEY_UIApplicationSceneManifest_Generation = YES;
				INFOPLIST_KEY_UIApplicationSupportsIndirectInputEvents = YES;
				INFOPLIST_KEY_UILaunchScreen_Generation = YES;
				INFOPLIST_KEY_UIStatusBarStyle = UIStatusBarStyleDarkContent;
				INFOPLIST_KEY_UISupportedInterfaceOrientations = UIInterfaceOrientationPortrait;
				INFOPLIST_KEY_UISupportedInterfaceOrientations_iPad = "UIInterfaceOrientationLandscapeLeft UIInterfaceOrientationLandscapeRight UIInterfaceOrientationPortrait UIInterfaceOrientationPortraitUpsideDown";
				INFOPLIST_KEY_UIUserInterfaceStyle = Dark;
				IPHONEOS_DEPLOYMENT_TARGET = 16.0;
				LD_RUNPATH_SEARCH_PATHS = (
					"$(inherited)",
					"@executable_path/Frameworks",
				);
				MARKETING_VERSION = 1.0.0;
				PRODUCT_BUNDLE_IDENTIFIER = com.9uttery.Madii;
				PRODUCT_NAME = "$(TARGET_NAME)";
				SUPPORTED_PLATFORMS = "iphoneos iphonesimulator";
				SUPPORTS_MACCATALYST = NO;
				SUPPORTS_MAC_DESIGNED_FOR_IPHONE_IPAD = NO;
				SWIFT_EMIT_LOC_STRINGS = YES;
				SWIFT_VERSION = 5.0;
				TARGETED_DEVICE_FAMILY = 1;
			};
			name = Release;
		};
/* End XCBuildConfiguration section */

/* Begin XCConfigurationList section */
		515EFC862AFCA0D000230647 /* Build configuration list for PBXProject "Madii" */ = {
			isa = XCConfigurationList;
			buildConfigurations = (
				515EFC972AFCA0D200230647 /* Debug */,
				515EFC982AFCA0D200230647 /* Release */,
			);
			defaultConfigurationIsVisible = 0;
			defaultConfigurationName = Release;
		};
		515EFC992AFCA0D200230647 /* Build configuration list for PBXNativeTarget "Madii" */ = {
			isa = XCConfigurationList;
			buildConfigurations = (
				515EFC9A2AFCA0D200230647 /* Debug */,
				515EFC9B2AFCA0D200230647 /* Release */,
			);
			defaultConfigurationIsVisible = 0;
			defaultConfigurationName = Release;
		};
/* End XCConfigurationList section */
	};
	rootObject = 515EFC832AFCA0D000230647 /* Project object */;
}
